// !$*UTF8*$!
{
	archiveVersion = 1;
	classes = {
	};
	objectVersion = 46;
	objects = {

/* Begin PBXBuildFile section */
		3708E7971A2CB49A00A6EB55 /* MapKit.framework in Frameworks */ = {isa = PBXBuildFile; fileRef = 3708E7961A2CB49A00A6EB55 /* MapKit.framework */; };
		3708E79D1A2CB6C800A6EB55 /* MapViewController.m in Sources */ = {isa = PBXBuildFile; fileRef = 3708E79B1A2CB6C800A6EB55 /* MapViewController.m */; };
		3708E79E1A2CB6C800A6EB55 /* MapViewController.xib in Resources */ = {isa = PBXBuildFile; fileRef = 3708E79C1A2CB6C800A6EB55 /* MapViewController.xib */; };
		3708E7A21A2CBBC800A6EB55 /* Anotation.m in Sources */ = {isa = PBXBuildFile; fileRef = 3708E7A11A2CBBC800A6EB55 /* Anotation.m */; };
		370CA09A1A2CE26900F5730F /* LocationManager.m in Sources */ = {isa = PBXBuildFile; fileRef = 370CA0991A2CE26900F5730F /* LocationManager.m */; };
		371B4A601A1E5AEC007C0252 /* ComidaViewController.m in Sources */ = {isa = PBXBuildFile; fileRef = 371B4A5E1A1E5AEC007C0252 /* ComidaViewController.m */; };
		371B4A611A1E5AEC007C0252 /* ComidaViewController.xib in Resources */ = {isa = PBXBuildFile; fileRef = 371B4A5F1A1E5AEC007C0252 /* ComidaViewController.xib */; };
		371B4A651A1E5B95007C0252 /* Meal.m in Sources */ = {isa = PBXBuildFile; fileRef = 371B4A641A1E5B95007C0252 /* Meal.m */; };
		371B4A6A1A1E6D21007C0252 /* CellTableViewCell.m in Sources */ = {isa = PBXBuildFile; fileRef = 371B4A681A1E6D21007C0252 /* CellTableViewCell.m */; };
		371B4A6B1A1E6D21007C0252 /* CellTableViewCell.xib in Resources */ = {isa = PBXBuildFile; fileRef = 371B4A691A1E6D21007C0252 /* CellTableViewCell.xib */; };
		3743D7F21A1BCA3B00BE6B15 /* Images.xcassets in Resources */ = {isa = PBXBuildFile; fileRef = 3743D7F11A1BCA3B00BE6B15 /* Images.xcassets */; };
		3743D7F51A1BCA3B00BE6B15 /* LaunchScreen.xib in Resources */ = {isa = PBXBuildFile; fileRef = 3743D7F31A1BCA3B00BE6B15 /* LaunchScreen.xib */; };
		3743D8011A1BCA3B00BE6B15 /* TamagoTests.m in Sources */ = {isa = PBXBuildFile; fileRef = 3743D8001A1BCA3B00BE6B15 /* TamagoTests.m */; };
		3743D92E1A1BE4A700BE6B15 /* AppDelegate.m in Sources */ = {isa = PBXBuildFile; fileRef = 3743D92A1A1BE4A700BE6B15 /* AppDelegate.m */; };
		3743D92F1A1BE4A700BE6B15 /* ViewController2.m in Sources */ = {isa = PBXBuildFile; fileRef = 3743D92C1A1BE4A700BE6B15 /* ViewController2.m */; };
		3743D9301A1BE4A700BE6B15 /* ViewController2.xib in Resources */ = {isa = PBXBuildFile; fileRef = 3743D92D1A1BE4A700BE6B15 /* ViewController2.xib */; };
		3743D9351A1BE4DA00BE6B15 /* ViewController3.m in Sources */ = {isa = PBXBuildFile; fileRef = 3743D9331A1BE4DA00BE6B15 /* ViewController3.m */; };
		3743D9361A1BE4DA00BE6B15 /* ViewController3.xib in Resources */ = {isa = PBXBuildFile; fileRef = 3743D9341A1BE4DA00BE6B15 /* ViewController3.xib */; };
		3743D93B1A1BE4F500BE6B15 /* ViewControllerEnergia.m in Sources */ = {isa = PBXBuildFile; fileRef = 3743D9391A1BE4F500BE6B15 /* ViewControllerEnergia.m */; };
		3743D93C1A1BE4F500BE6B15 /* ViewControllerEnergia.xib in Resources */ = {isa = PBXBuildFile; fileRef = 3743D93A1A1BE4F500BE6B15 /* ViewControllerEnergia.xib */; };
		3773F1BC1A28C15300501644 /* AudioToolbox.framework in Frameworks */ = {isa = PBXBuildFile; fileRef = 3773F1BB1A28C15300501644 /* AudioToolbox.framework */; };
		3773F1BE1A28C15D00501644 /* CFNetwork.framework in Frameworks */ = {isa = PBXBuildFile; fileRef = 3773F1BD1A28C15D00501644 /* CFNetwork.framework */; };
		3773F1C01A28C16800501644 /* CoreGraphics.framework in Frameworks */ = {isa = PBXBuildFile; fileRef = 3773F1BF1A28C16800501644 /* CoreGraphics.framework */; };
		3773F1C21A28C17100501644 /* CoreLocation.framework in Frameworks */ = {isa = PBXBuildFile; fileRef = 3773F1C11A28C17100501644 /* CoreLocation.framework */; };
		3773F1C41A28C18200501644 /* libz.dylib in Frameworks */ = {isa = PBXBuildFile; fileRef = 3773F1C31A28C18200501644 /* libz.dylib */; };
		3773F1C61A28C18E00501644 /* MobileCoreServices.framework in Frameworks */ = {isa = PBXBuildFile; fileRef = 3773F1C51A28C18E00501644 /* MobileCoreServices.framework */; };
		3773F1C81A28C1A500501644 /* QuartzCore.framework in Frameworks */ = {isa = PBXBuildFile; fileRef = 3773F1C71A28C1A500501644 /* QuartzCore.framework */; };
		3773F1CA1A28C1F000501644 /* Security.framework in Frameworks */ = {isa = PBXBuildFile; fileRef = 3773F1C91A28C1F000501644 /* Security.framework */; };
		3773F1CE1A28C20000501644 /* SystemConfiguration.framework in Frameworks */ = {isa = PBXBuildFile; fileRef = 3773F1CD1A28C20000501644 /* SystemConfiguration.framework */; };
		3773F1CF1A28C9B400501644 /* Bolts.framework in Frameworks */ = {isa = PBXBuildFile; fileRef = 3773F1B11A28C02B00501644 /* Bolts.framework */; };
		3773F1D01A28C9B400501644 /* Parse.framework in Frameworks */ = {isa = PBXBuildFile; fileRef = 3773F1B21A28C02B00501644 /* Parse.framework */; };
		377BCB1E1A26593B0049B94E /* AFHTTPRequestOperation.m in Sources */ = {isa = PBXBuildFile; fileRef = 377BCAFA1A26593B0049B94E /* AFHTTPRequestOperation.m */; };
		377BCB1F1A26593B0049B94E /* AFHTTPRequestOperationManager.m in Sources */ = {isa = PBXBuildFile; fileRef = 377BCAFC1A26593B0049B94E /* AFHTTPRequestOperationManager.m */; };
		377BCB201A26593B0049B94E /* AFHTTPSessionManager.m in Sources */ = {isa = PBXBuildFile; fileRef = 377BCAFE1A26593B0049B94E /* AFHTTPSessionManager.m */; };
		377BCB211A26593B0049B94E /* AFNetworkReachabilityManager.m in Sources */ = {isa = PBXBuildFile; fileRef = 377BCB011A26593B0049B94E /* AFNetworkReachabilityManager.m */; };
		377BCB221A26593B0049B94E /* AFSecurityPolicy.m in Sources */ = {isa = PBXBuildFile; fileRef = 377BCB031A26593B0049B94E /* AFSecurityPolicy.m */; };
		377BCB231A26593B0049B94E /* AFURLConnectionOperation.m in Sources */ = {isa = PBXBuildFile; fileRef = 377BCB051A26593B0049B94E /* AFURLConnectionOperation.m */; };
		377BCB241A26593B0049B94E /* AFURLRequestSerialization.m in Sources */ = {isa = PBXBuildFile; fileRef = 377BCB071A26593B0049B94E /* AFURLRequestSerialization.m */; };
		377BCB251A26593B0049B94E /* AFURLResponseSerialization.m in Sources */ = {isa = PBXBuildFile; fileRef = 377BCB091A26593B0049B94E /* AFURLResponseSerialization.m */; };
		377BCB261A26593B0049B94E /* AFURLSessionManager.m in Sources */ = {isa = PBXBuildFile; fileRef = 377BCB0B1A26593B0049B94E /* AFURLSessionManager.m */; };
		377BCB271A26593B0049B94E /* AFNetworkActivityIndicatorManager.m in Sources */ = {isa = PBXBuildFile; fileRef = 377BCB0E1A26593B0049B94E /* AFNetworkActivityIndicatorManager.m */; };
		377BCB281A26593B0049B94E /* UIActivityIndicatorView+AFNetworking.m in Sources */ = {isa = PBXBuildFile; fileRef = 377BCB101A26593B0049B94E /* UIActivityIndicatorView+AFNetworking.m */; };
		377BCB291A26593B0049B94E /* UIAlertView+AFNetworking.m in Sources */ = {isa = PBXBuildFile; fileRef = 377BCB121A26593B0049B94E /* UIAlertView+AFNetworking.m */; };
		377BCB2A1A26593B0049B94E /* UIButton+AFNetworking.m in Sources */ = {isa = PBXBuildFile; fileRef = 377BCB141A26593B0049B94E /* UIButton+AFNetworking.m */; };
		377BCB2B1A26593B0049B94E /* UIImageView+AFNetworking.m in Sources */ = {isa = PBXBuildFile; fileRef = 377BCB161A26593B0049B94E /* UIImageView+AFNetworking.m */; };
		377BCB2C1A26593B0049B94E /* UIProgressView+AFNetworking.m in Sources */ = {isa = PBXBuildFile; fileRef = 377BCB191A26593B0049B94E /* UIProgressView+AFNetworking.m */; };
		377BCB2D1A26593B0049B94E /* UIRefreshControl+AFNetworking.m in Sources */ = {isa = PBXBuildFile; fileRef = 377BCB1B1A26593B0049B94E /* UIRefreshControl+AFNetworking.m */; };
		377BCB2E1A26593B0049B94E /* UIWebView+AFNetworking.m in Sources */ = {isa = PBXBuildFile; fileRef = 377BCB1D1A26593B0049B94E /* UIWebView+AFNetworking.m */; };
		377BCB311A265A720049B94E /* NetworkManage.m in Sources */ = {isa = PBXBuildFile; fileRef = 377BCB301A265A720049B94E /* NetworkManage.m */; };
		377F7CE81A1CBF340031F6A2 /* main.m in Sources */ = {isa = PBXBuildFile; fileRef = 377F7CE71A1CBF340031F6A2 /* main.m */; };
		378576251A1FCC7600A14A10 /* ArrayConst.m in Sources */ = {isa = PBXBuildFile; fileRef = 378576241A1FCC7600A14A10 /* ArrayConst.m */; };
		37BFA7421A2A03CA00C3540A /* RankViewController.m in Sources */ = {isa = PBXBuildFile; fileRef = 37BFA7401A2A03CA00C3540A /* RankViewController.m */; };
		37BFA7431A2A03CA00C3540A /* RankViewController.xib in Resources */ = {isa = PBXBuildFile; fileRef = 37BFA7411A2A03CA00C3540A /* RankViewController.xib */; };
		37BFA7481A2A051700C3540A /* RankTableViewCell.m in Sources */ = {isa = PBXBuildFile; fileRef = 37BFA7461A2A051700C3540A /* RankTableViewCell.m */; };
		37BFA7491A2A051700C3540A /* RankTableViewCell.xib in Resources */ = {isa = PBXBuildFile; fileRef = 37BFA7471A2A051700C3540A /* RankTableViewCell.xib */; };
		37E3608F1A28EB930089F470 /* MessageUI.framework in Frameworks */ = {isa = PBXBuildFile; fileRef = 37E3608E1A28EB930089F470 /* MessageUI.framework */; };
		37E360921A28EE610089F470 /* PushManager.m in Sources */ = {isa = PBXBuildFile; fileRef = 37E360911A28EE610089F470 /* PushManager.m */; };
		37EFCB731A237D760075FAC4 /* Pet.m in Sources */ = {isa = PBXBuildFile; fileRef = 37EFCB721A237D760075FAC4 /* Pet.m */; };
/* End PBXBuildFile section */

/* Begin PBXContainerItemProxy section */
		3743D7FB1A1BCA3B00BE6B15 /* PBXContainerItemProxy */ = {
			isa = PBXContainerItemProxy;
			containerPortal = 3743D7D91A1BCA3B00BE6B15 /* Project object */;
			proxyType = 1;
			remoteGlobalIDString = 3743D7E01A1BCA3B00BE6B15;
			remoteInfo = Tamago;
		};
/* End PBXContainerItemProxy section */

/* Begin PBXFileReference section */
		3708E7961A2CB49A00A6EB55 /* MapKit.framework */ = {isa = PBXFileReference; lastKnownFileType = wrapper.framework; name = MapKit.framework; path = System/Library/Frameworks/MapKit.framework; sourceTree = SDKROOT; };
		3708E79A1A2CB6C800A6EB55 /* MapViewController.h */ = {isa = PBXFileReference; fileEncoding = 4; lastKnownFileType = sourcecode.c.h; name = MapViewController.h; path = Map/MapViewController.h; sourceTree = "<group>"; };
		3708E79B1A2CB6C800A6EB55 /* MapViewController.m */ = {isa = PBXFileReference; fileEncoding = 4; lastKnownFileType = sourcecode.c.objc; name = MapViewController.m; path = Map/MapViewController.m; sourceTree = "<group>"; };
		3708E79C1A2CB6C800A6EB55 /* MapViewController.xib */ = {isa = PBXFileReference; fileEncoding = 4; lastKnownFileType = file.xib; name = MapViewController.xib; path = Map/MapViewController.xib; sourceTree = "<group>"; };
		3708E7A01A2CBBC800A6EB55 /* Anotation.h */ = {isa = PBXFileReference; fileEncoding = 4; lastKnownFileType = sourcecode.c.h; name = Anotation.h; path = Map/Anotation.h; sourceTree = "<group>"; };
		3708E7A11A2CBBC800A6EB55 /* Anotation.m */ = {isa = PBXFileReference; fileEncoding = 4; lastKnownFileType = sourcecode.c.objc; name = Anotation.m; path = Map/Anotation.m; sourceTree = "<group>"; };
		370CA0981A2CE26900F5730F /* LocationManager.h */ = {isa = PBXFileReference; fileEncoding = 4; lastKnownFileType = sourcecode.c.h; name = LocationManager.h; path = Map/LocationManager.h; sourceTree = "<group>"; };
		370CA0991A2CE26900F5730F /* LocationManager.m */ = {isa = PBXFileReference; fileEncoding = 4; lastKnownFileType = sourcecode.c.objc; name = LocationManager.m; path = Map/LocationManager.m; sourceTree = "<group>"; };
		371B4A5D1A1E5AEC007C0252 /* ComidaViewController.h */ = {isa = PBXFileReference; fileEncoding = 4; lastKnownFileType = sourcecode.c.h; name = ComidaViewController.h; path = Clase4/ComidaViewController.h; sourceTree = "<group>"; };
		371B4A5E1A1E5AEC007C0252 /* ComidaViewController.m */ = {isa = PBXFileReference; fileEncoding = 4; lastKnownFileType = sourcecode.c.objc; name = ComidaViewController.m; path = Clase4/ComidaViewController.m; sourceTree = "<group>"; };
		371B4A5F1A1E5AEC007C0252 /* ComidaViewController.xib */ = {isa = PBXFileReference; fileEncoding = 4; lastKnownFileType = file.xib; name = ComidaViewController.xib; path = Clase4/ComidaViewController.xib; sourceTree = "<group>"; };
		371B4A631A1E5B95007C0252 /* Meal.h */ = {isa = PBXFileReference; fileEncoding = 4; lastKnownFileType = sourcecode.c.h; name = Meal.h; path = "Comida Class/Meal.h"; sourceTree = "<group>"; };
		371B4A641A1E5B95007C0252 /* Meal.m */ = {isa = PBXFileReference; fileEncoding = 4; lastKnownFileType = sourcecode.c.objc; name = Meal.m; path = "Comida Class/Meal.m"; sourceTree = "<group>"; };
		371B4A671A1E6D21007C0252 /* CellTableViewCell.h */ = {isa = PBXFileReference; fileEncoding = 4; lastKnownFileType = sourcecode.c.h; name = CellTableViewCell.h; path = "Cell Class/CellTableViewCell.h"; sourceTree = "<group>"; };
		371B4A681A1E6D21007C0252 /* CellTableViewCell.m */ = {isa = PBXFileReference; fileEncoding = 4; lastKnownFileType = sourcecode.c.objc; name = CellTableViewCell.m; path = "Cell Class/CellTableViewCell.m"; sourceTree = "<group>"; };
		371B4A691A1E6D21007C0252 /* CellTableViewCell.xib */ = {isa = PBXFileReference; fileEncoding = 4; lastKnownFileType = file.xib; name = CellTableViewCell.xib; path = "Cell Class/CellTableViewCell.xib"; sourceTree = "<group>"; };
		371B4A6C1A1E79AE007C0252 /* FoodProtocol.h */ = {isa = PBXFileReference; lastKnownFileType = sourcecode.c.h; name = FoodProtocol.h; path = Clase4/FoodProtocol.h; sourceTree = "<group>"; };
		3743D7E11A1BCA3B00BE6B15 /* Tamago.app */ = {isa = PBXFileReference; explicitFileType = wrapper.application; includeInIndex = 0; path = Tamago.app; sourceTree = BUILT_PRODUCTS_DIR; };
		3743D7F11A1BCA3B00BE6B15 /* Images.xcassets */ = {isa = PBXFileReference; lastKnownFileType = folder.assetcatalog; path = Images.xcassets; sourceTree = "<group>"; };
		3743D7F41A1BCA3B00BE6B15 /* Base */ = {isa = PBXFileReference; lastKnownFileType = file.xib; name = Base; path = Base.lproj/LaunchScreen.xib; sourceTree = "<group>"; };
		3743D7FA1A1BCA3B00BE6B15 /* TamagoTests.xctest */ = {isa = PBXFileReference; explicitFileType = wrapper.cfbundle; includeInIndex = 0; path = TamagoTests.xctest; sourceTree = BUILT_PRODUCTS_DIR; };
		3743D7FF1A1BCA3B00BE6B15 /* Info.plist */ = {isa = PBXFileReference; lastKnownFileType = text.plist.xml; path = Info.plist; sourceTree = "<group>"; };
		3743D8001A1BCA3B00BE6B15 /* TamagoTests.m */ = {isa = PBXFileReference; lastKnownFileType = sourcecode.c.objc; path = TamagoTests.m; sourceTree = "<group>"; };
		3743D9291A1BE4A700BE6B15 /* AppDelegate.h */ = {isa = PBXFileReference; fileEncoding = 4; lastKnownFileType = sourcecode.c.h; path = AppDelegate.h; sourceTree = "<group>"; };
		3743D92A1A1BE4A700BE6B15 /* AppDelegate.m */ = {isa = PBXFileReference; fileEncoding = 4; lastKnownFileType = sourcecode.c.objc; path = AppDelegate.m; sourceTree = "<group>"; };
		3743D92B1A1BE4A700BE6B15 /* ViewController2.h */ = {isa = PBXFileReference; fileEncoding = 4; lastKnownFileType = sourcecode.c.h; path = ViewController2.h; sourceTree = "<group>"; };
		3743D92C1A1BE4A700BE6B15 /* ViewController2.m */ = {isa = PBXFileReference; fileEncoding = 4; lastKnownFileType = sourcecode.c.objc; path = ViewController2.m; sourceTree = "<group>"; };
		3743D92D1A1BE4A700BE6B15 /* ViewController2.xib */ = {isa = PBXFileReference; fileEncoding = 4; lastKnownFileType = file.xib; path = ViewController2.xib; sourceTree = "<group>"; };
		3743D9321A1BE4DA00BE6B15 /* ViewController3.h */ = {isa = PBXFileReference; fileEncoding = 4; lastKnownFileType = sourcecode.c.h; path = ViewController3.h; sourceTree = "<group>"; };
		3743D9331A1BE4DA00BE6B15 /* ViewController3.m */ = {isa = PBXFileReference; fileEncoding = 4; lastKnownFileType = sourcecode.c.objc; path = ViewController3.m; sourceTree = "<group>"; };
		3743D9341A1BE4DA00BE6B15 /* ViewController3.xib */ = {isa = PBXFileReference; fileEncoding = 4; lastKnownFileType = file.xib; path = ViewController3.xib; sourceTree = "<group>"; };
		3743D9381A1BE4F500BE6B15 /* ViewControllerEnergia.h */ = {isa = PBXFileReference; fileEncoding = 4; lastKnownFileType = sourcecode.c.h; path = ViewControllerEnergia.h; sourceTree = "<group>"; };
		3743D9391A1BE4F500BE6B15 /* ViewControllerEnergia.m */ = {isa = PBXFileReference; fileEncoding = 4; lastKnownFileType = sourcecode.c.objc; path = ViewControllerEnergia.m; sourceTree = "<group>"; };
		3743D93A1A1BE4F500BE6B15 /* ViewControllerEnergia.xib */ = {isa = PBXFileReference; fileEncoding = 4; lastKnownFileType = file.xib; path = ViewControllerEnergia.xib; sourceTree = "<group>"; };
		3773F1B11A28C02B00501644 /* Bolts.framework */ = {isa = PBXFileReference; lastKnownFileType = wrapper.framework; name = Bolts.framework; path = "../../parse-library-1/Bolts.framework"; sourceTree = "<group>"; };
		3773F1B21A28C02B00501644 /* Parse.framework */ = {isa = PBXFileReference; lastKnownFileType = wrapper.framework; name = Parse.framework; path = "../../parse-library-1/Parse.framework"; sourceTree = "<group>"; };
		3773F1BB1A28C15300501644 /* AudioToolbox.framework */ = {isa = PBXFileReference; lastKnownFileType = wrapper.framework; name = AudioToolbox.framework; path = System/Library/Frameworks/AudioToolbox.framework; sourceTree = SDKROOT; };
		3773F1BD1A28C15D00501644 /* CFNetwork.framework */ = {isa = PBXFileReference; lastKnownFileType = wrapper.framework; name = CFNetwork.framework; path = System/Library/Frameworks/CFNetwork.framework; sourceTree = SDKROOT; };
		3773F1BF1A28C16800501644 /* CoreGraphics.framework */ = {isa = PBXFileReference; lastKnownFileType = wrapper.framework; name = CoreGraphics.framework; path = System/Library/Frameworks/CoreGraphics.framework; sourceTree = SDKROOT; };
		3773F1C11A28C17100501644 /* CoreLocation.framework */ = {isa = PBXFileReference; lastKnownFileType = wrapper.framework; name = CoreLocation.framework; path = System/Library/Frameworks/CoreLocation.framework; sourceTree = SDKROOT; };
		3773F1C31A28C18200501644 /* libz.dylib */ = {isa = PBXFileReference; lastKnownFileType = "compiled.mach-o.dylib"; name = libz.dylib; path = usr/lib/libz.dylib; sourceTree = SDKROOT; };
		3773F1C51A28C18E00501644 /* MobileCoreServices.framework */ = {isa = PBXFileReference; lastKnownFileType = wrapper.framework; name = MobileCoreServices.framework; path = System/Library/Frameworks/MobileCoreServices.framework; sourceTree = SDKROOT; };
		3773F1C71A28C1A500501644 /* QuartzCore.framework */ = {isa = PBXFileReference; lastKnownFileType = wrapper.framework; name = QuartzCore.framework; path = System/Library/Frameworks/QuartzCore.framework; sourceTree = SDKROOT; };
		3773F1C91A28C1F000501644 /* Security.framework */ = {isa = PBXFileReference; lastKnownFileType = wrapper.framework; name = Security.framework; path = System/Library/Frameworks/Security.framework; sourceTree = SDKROOT; };
		3773F1CD1A28C20000501644 /* SystemConfiguration.framework */ = {isa = PBXFileReference; lastKnownFileType = wrapper.framework; name = SystemConfiguration.framework; path = System/Library/Frameworks/SystemConfiguration.framework; sourceTree = SDKROOT; };
		377BCAF91A26593B0049B94E /* AFHTTPRequestOperation.h */ = {isa = PBXFileReference; fileEncoding = 4; lastKnownFileType = sourcecode.c.h; path = AFHTTPRequestOperation.h; sourceTree = "<group>"; };
		377BCAFA1A26593B0049B94E /* AFHTTPRequestOperation.m */ = {isa = PBXFileReference; fileEncoding = 4; lastKnownFileType = sourcecode.c.objc; path = AFHTTPRequestOperation.m; sourceTree = "<group>"; };
		377BCAFB1A26593B0049B94E /* AFHTTPRequestOperationManager.h */ = {isa = PBXFileReference; fileEncoding = 4; lastKnownFileType = sourcecode.c.h; path = AFHTTPRequestOperationManager.h; sourceTree = "<group>"; };
		377BCAFC1A26593B0049B94E /* AFHTTPRequestOperationManager.m */ = {isa = PBXFileReference; fileEncoding = 4; lastKnownFileType = sourcecode.c.objc; path = AFHTTPRequestOperationManager.m; sourceTree = "<group>"; };
		377BCAFD1A26593B0049B94E /* AFHTTPSessionManager.h */ = {isa = PBXFileReference; fileEncoding = 4; lastKnownFileType = sourcecode.c.h; path = AFHTTPSessionManager.h; sourceTree = "<group>"; };
		377BCAFE1A26593B0049B94E /* AFHTTPSessionManager.m */ = {isa = PBXFileReference; fileEncoding = 4; lastKnownFileType = sourcecode.c.objc; path = AFHTTPSessionManager.m; sourceTree = "<group>"; };
		377BCAFF1A26593B0049B94E /* AFNetworking.h */ = {isa = PBXFileReference; fileEncoding = 4; lastKnownFileType = sourcecode.c.h; path = AFNetworking.h; sourceTree = "<group>"; };
		377BCB001A26593B0049B94E /* AFNetworkReachabilityManager.h */ = {isa = PBXFileReference; fileEncoding = 4; lastKnownFileType = sourcecode.c.h; path = AFNetworkReachabilityManager.h; sourceTree = "<group>"; };
		377BCB011A26593B0049B94E /* AFNetworkReachabilityManager.m */ = {isa = PBXFileReference; fileEncoding = 4; lastKnownFileType = sourcecode.c.objc; path = AFNetworkReachabilityManager.m; sourceTree = "<group>"; };
		377BCB021A26593B0049B94E /* AFSecurityPolicy.h */ = {isa = PBXFileReference; fileEncoding = 4; lastKnownFileType = sourcecode.c.h; path = AFSecurityPolicy.h; sourceTree = "<group>"; };
		377BCB031A26593B0049B94E /* AFSecurityPolicy.m */ = {isa = PBXFileReference; fileEncoding = 4; lastKnownFileType = sourcecode.c.objc; path = AFSecurityPolicy.m; sourceTree = "<group>"; };
		377BCB041A26593B0049B94E /* AFURLConnectionOperation.h */ = {isa = PBXFileReference; fileEncoding = 4; lastKnownFileType = sourcecode.c.h; path = AFURLConnectionOperation.h; sourceTree = "<group>"; };
		377BCB051A26593B0049B94E /* AFURLConnectionOperation.m */ = {isa = PBXFileReference; fileEncoding = 4; lastKnownFileType = sourcecode.c.objc; path = AFURLConnectionOperation.m; sourceTree = "<group>"; };
		377BCB061A26593B0049B94E /* AFURLRequestSerialization.h */ = {isa = PBXFileReference; fileEncoding = 4; lastKnownFileType = sourcecode.c.h; path = AFURLRequestSerialization.h; sourceTree = "<group>"; };
		377BCB071A26593B0049B94E /* AFURLRequestSerialization.m */ = {isa = PBXFileReference; fileEncoding = 4; lastKnownFileType = sourcecode.c.objc; path = AFURLRequestSerialization.m; sourceTree = "<group>"; };
		377BCB081A26593B0049B94E /* AFURLResponseSerialization.h */ = {isa = PBXFileReference; fileEncoding = 4; lastKnownFileType = sourcecode.c.h; path = AFURLResponseSerialization.h; sourceTree = "<group>"; };
		377BCB091A26593B0049B94E /* AFURLResponseSerialization.m */ = {isa = PBXFileReference; fileEncoding = 4; lastKnownFileType = sourcecode.c.objc; path = AFURLResponseSerialization.m; sourceTree = "<group>"; };
		377BCB0A1A26593B0049B94E /* AFURLSessionManager.h */ = {isa = PBXFileReference; fileEncoding = 4; lastKnownFileType = sourcecode.c.h; path = AFURLSessionManager.h; sourceTree = "<group>"; };
		377BCB0B1A26593B0049B94E /* AFURLSessionManager.m */ = {isa = PBXFileReference; fileEncoding = 4; lastKnownFileType = sourcecode.c.objc; path = AFURLSessionManager.m; sourceTree = "<group>"; };
		377BCB0D1A26593B0049B94E /* AFNetworkActivityIndicatorManager.h */ = {isa = PBXFileReference; fileEncoding = 4; lastKnownFileType = sourcecode.c.h; path = AFNetworkActivityIndicatorManager.h; sourceTree = "<group>"; };
		377BCB0E1A26593B0049B94E /* AFNetworkActivityIndicatorManager.m */ = {isa = PBXFileReference; fileEncoding = 4; lastKnownFileType = sourcecode.c.objc; path = AFNetworkActivityIndicatorManager.m; sourceTree = "<group>"; };
		377BCB0F1A26593B0049B94E /* UIActivityIndicatorView+AFNetworking.h */ = {isa = PBXFileReference; fileEncoding = 4; lastKnownFileType = sourcecode.c.h; path = "UIActivityIndicatorView+AFNetworking.h"; sourceTree = "<group>"; };
		377BCB101A26593B0049B94E /* UIActivityIndicatorView+AFNetworking.m */ = {isa = PBXFileReference; fileEncoding = 4; lastKnownFileType = sourcecode.c.objc; path = "UIActivityIndicatorView+AFNetworking.m"; sourceTree = "<group>"; };
		377BCB111A26593B0049B94E /* UIAlertView+AFNetworking.h */ = {isa = PBXFileReference; fileEncoding = 4; lastKnownFileType = sourcecode.c.h; path = "UIAlertView+AFNetworking.h"; sourceTree = "<group>"; };
		377BCB121A26593B0049B94E /* UIAlertView+AFNetworking.m */ = {isa = PBXFileReference; fileEncoding = 4; lastKnownFileType = sourcecode.c.objc; path = "UIAlertView+AFNetworking.m"; sourceTree = "<group>"; };
		377BCB131A26593B0049B94E /* UIButton+AFNetworking.h */ = {isa = PBXFileReference; fileEncoding = 4; lastKnownFileType = sourcecode.c.h; path = "UIButton+AFNetworking.h"; sourceTree = "<group>"; };
		377BCB141A26593B0049B94E /* UIButton+AFNetworking.m */ = {isa = PBXFileReference; fileEncoding = 4; lastKnownFileType = sourcecode.c.objc; path = "UIButton+AFNetworking.m"; sourceTree = "<group>"; };
		377BCB151A26593B0049B94E /* UIImageView+AFNetworking.h */ = {isa = PBXFileReference; fileEncoding = 4; lastKnownFileType = sourcecode.c.h; path = "UIImageView+AFNetworking.h"; sourceTree = "<group>"; };
		377BCB161A26593B0049B94E /* UIImageView+AFNetworking.m */ = {isa = PBXFileReference; fileEncoding = 4; lastKnownFileType = sourcecode.c.objc; path = "UIImageView+AFNetworking.m"; sourceTree = "<group>"; };
		377BCB171A26593B0049B94E /* UIKit+AFNetworking.h */ = {isa = PBXFileReference; fileEncoding = 4; lastKnownFileType = sourcecode.c.h; path = "UIKit+AFNetworking.h"; sourceTree = "<group>"; };
		377BCB181A26593B0049B94E /* UIProgressView+AFNetworking.h */ = {isa = PBXFileReference; fileEncoding = 4; lastKnownFileType = sourcecode.c.h; path = "UIProgressView+AFNetworking.h"; sourceTree = "<group>"; };
		377BCB191A26593B0049B94E /* UIProgressView+AFNetworking.m */ = {isa = PBXFileReference; fileEncoding = 4; lastKnownFileType = sourcecode.c.objc; path = "UIProgressView+AFNetworking.m"; sourceTree = "<group>"; };
		377BCB1A1A26593B0049B94E /* UIRefreshControl+AFNetworking.h */ = {isa = PBXFileReference; fileEncoding = 4; lastKnownFileType = sourcecode.c.h; path = "UIRefreshControl+AFNetworking.h"; sourceTree = "<group>"; };
		377BCB1B1A26593B0049B94E /* UIRefreshControl+AFNetworking.m */ = {isa = PBXFileReference; fileEncoding = 4; lastKnownFileType = sourcecode.c.objc; path = "UIRefreshControl+AFNetworking.m"; sourceTree = "<group>"; };
		377BCB1C1A26593B0049B94E /* UIWebView+AFNetworking.h */ = {isa = PBXFileReference; fileEncoding = 4; lastKnownFileType = sourcecode.c.h; path = "UIWebView+AFNetworking.h"; sourceTree = "<group>"; };
		377BCB1D1A26593B0049B94E /* UIWebView+AFNetworking.m */ = {isa = PBXFileReference; fileEncoding = 4; lastKnownFileType = sourcecode.c.objc; path = "UIWebView+AFNetworking.m"; sourceTree = "<group>"; };
		377BCB2F1A265A720049B94E /* NetworkManage.h */ = {isa = PBXFileReference; fileEncoding = 4; lastKnownFileType = sourcecode.c.h; path = NetworkManage.h; sourceTree = "<group>"; };
		377BCB301A265A720049B94E /* NetworkManage.m */ = {isa = PBXFileReference; fileEncoding = 4; lastKnownFileType = sourcecode.c.objc; path = NetworkManage.m; sourceTree = "<group>"; };
		377F7CE71A1CBF340031F6A2 /* main.m */ = {isa = PBXFileReference; fileEncoding = 4; lastKnownFileType = sourcecode.c.objc; name = main.m; path = Tamago/main.m; sourceTree = SOURCE_ROOT; };
		378576231A1FCC7600A14A10 /* ArrayConst.h */ = {isa = PBXFileReference; fileEncoding = 4; lastKnownFileType = sourcecode.c.h; name = ArrayConst.h; path = Tamago/ArrayConst/ArrayConst.h; sourceTree = SOURCE_ROOT; };
		378576241A1FCC7600A14A10 /* ArrayConst.m */ = {isa = PBXFileReference; fileEncoding = 4; lastKnownFileType = sourcecode.c.objc; name = ArrayConst.m; path = Tamago/ArrayConst/ArrayConst.m; sourceTree = SOURCE_ROOT; };
		37BFA73F1A2A03CA00C3540A /* RankViewController.h */ = {isa = PBXFileReference; fileEncoding = 4; lastKnownFileType = sourcecode.c.h; name = RankViewController.h; path = Rank/RankViewController.h; sourceTree = "<group>"; };
		37BFA7401A2A03CA00C3540A /* RankViewController.m */ = {isa = PBXFileReference; fileEncoding = 4; lastKnownFileType = sourcecode.c.objc; name = RankViewController.m; path = Rank/RankViewController.m; sourceTree = "<group>"; };
		37BFA7411A2A03CA00C3540A /* RankViewController.xib */ = {isa = PBXFileReference; fileEncoding = 4; lastKnownFileType = file.xib; name = RankViewController.xib; path = Rank/RankViewController.xib; sourceTree = "<group>"; };
		37BFA7451A2A051700C3540A /* RankTableViewCell.h */ = {isa = PBXFileReference; fileEncoding = 4; lastKnownFileType = sourcecode.c.h; name = RankTableViewCell.h; path = Rank/RankCell/RankTableViewCell.h; sourceTree = "<group>"; };
		37BFA7461A2A051700C3540A /* RankTableViewCell.m */ = {isa = PBXFileReference; fileEncoding = 4; lastKnownFileType = sourcecode.c.objc; name = RankTableViewCell.m; path = Rank/RankCell/RankTableViewCell.m; sourceTree = "<group>"; };
		37BFA7471A2A051700C3540A /* RankTableViewCell.xib */ = {isa = PBXFileReference; fileEncoding = 4; lastKnownFileType = file.xib; name = RankTableViewCell.xib; path = Rank/RankCell/RankTableViewCell.xib; sourceTree = "<group>"; };
		37E3608E1A28EB930089F470 /* MessageUI.framework */ = {isa = PBXFileReference; lastKnownFileType = wrapper.framework; name = MessageUI.framework; path = System/Library/Frameworks/MessageUI.framework; sourceTree = SDKROOT; };
		37E360901A28EE610089F470 /* PushManager.h */ = {isa = PBXFileReference; fileEncoding = 4; lastKnownFileType = sourcecode.c.h; path = PushManager.h; sourceTree = "<group>"; };
		37E360911A28EE610089F470 /* PushManager.m */ = {isa = PBXFileReference; fileEncoding = 4; lastKnownFileType = sourcecode.c.objc; path = PushManager.m; sourceTree = "<group>"; };
		37EFCB711A237D760075FAC4 /* Pet.h */ = {isa = PBXFileReference; fileEncoding = 4; lastKnownFileType = sourcecode.c.h; name = Pet.h; path = "Tamago/Pet Class/Pet.h"; sourceTree = SOURCE_ROOT; };
		37EFCB721A237D760075FAC4 /* Pet.m */ = {isa = PBXFileReference; fileEncoding = 4; lastKnownFileType = sourcecode.c.objc; name = Pet.m; path = "Tamago/Pet Class/Pet.m"; sourceTree = SOURCE_ROOT; };
/* End PBXFileReference section */

/* Begin PBXFrameworksBuildPhase section */
		3743D7DE1A1BCA3B00BE6B15 /* Frameworks */ = {
			isa = PBXFrameworksBuildPhase;
			buildActionMask = 2147483647;
			files = (
				3708E7971A2CB49A00A6EB55 /* MapKit.framework in Frameworks */,
				37E3608F1A28EB930089F470 /* MessageUI.framework in Frameworks */,
				3773F1CF1A28C9B400501644 /* Bolts.framework in Frameworks */,
				3773F1D01A28C9B400501644 /* Parse.framework in Frameworks */,
				3773F1CE1A28C20000501644 /* SystemConfiguration.framework in Frameworks */,
				3773F1CA1A28C1F000501644 /* Security.framework in Frameworks */,
				3773F1C81A28C1A500501644 /* QuartzCore.framework in Frameworks */,
				3773F1C61A28C18E00501644 /* MobileCoreServices.framework in Frameworks */,
				3773F1C41A28C18200501644 /* libz.dylib in Frameworks */,
				3773F1C21A28C17100501644 /* CoreLocation.framework in Frameworks */,
				3773F1C01A28C16800501644 /* CoreGraphics.framework in Frameworks */,
				3773F1BE1A28C15D00501644 /* CFNetwork.framework in Frameworks */,
				3773F1BC1A28C15300501644 /* AudioToolbox.framework in Frameworks */,
			);
			runOnlyForDeploymentPostprocessing = 0;
		};
		3743D7F71A1BCA3B00BE6B15 /* Frameworks */ = {
			isa = PBXFrameworksBuildPhase;
			buildActionMask = 2147483647;
			files = (
			);
			runOnlyForDeploymentPostprocessing = 0;
		};
/* End PBXFrameworksBuildPhase section */

/* Begin PBXGroup section */
		3708E7981A2CB4D900A6EB55 /* Frameworks */ = {
			isa = PBXGroup;
			children = (
				3708E7961A2CB49A00A6EB55 /* MapKit.framework */,
				37E3608E1A28EB930089F470 /* MessageUI.framework */,
				3773F1CD1A28C20000501644 /* SystemConfiguration.framework */,
				3773F1C91A28C1F000501644 /* Security.framework */,
				3773F1B11A28C02B00501644 /* Bolts.framework */,
				3773F1B21A28C02B00501644 /* Parse.framework */,
				3773F1C71A28C1A500501644 /* QuartzCore.framework */,
				3773F1C51A28C18E00501644 /* MobileCoreServices.framework */,
				3773F1C31A28C18200501644 /* libz.dylib */,
				3773F1C11A28C17100501644 /* CoreLocation.framework */,
				3773F1BF1A28C16800501644 /* CoreGraphics.framework */,
				3773F1BD1A28C15D00501644 /* CFNetwork.framework */,
				3773F1BB1A28C15300501644 /* AudioToolbox.framework */,
			);
			name = Frameworks;
			sourceTree = "<group>";
		};
		3708E7991A2CB5F000A6EB55 /* Map */ = {
			isa = PBXGroup;
			children = (
				3708E79F1A2CB89A00A6EB55 /* Anotation */,
				3708E79A1A2CB6C800A6EB55 /* MapViewController.h */,
				3708E79B1A2CB6C800A6EB55 /* MapViewController.m */,
				3708E79C1A2CB6C800A6EB55 /* MapViewController.xib */,
				370CA0981A2CE26900F5730F /* LocationManager.h */,
				370CA0991A2CE26900F5730F /* LocationManager.m */,
			);
			name = Map;
			path = Energia;
			sourceTree = "<group>";
		};
		3708E79F1A2CB89A00A6EB55 /* Anotation */ = {
			isa = PBXGroup;
			children = (
				3708E7A01A2CBBC800A6EB55 /* Anotation.h */,
				3708E7A11A2CBBC800A6EB55 /* Anotation.m */,
			);
			name = Anotation;
			sourceTree = "<group>";
		};
		371B4A5C1A1E5A8F007C0252 /* Comida */ = {
			isa = PBXGroup;
			children = (
				371B4A6C1A1E79AE007C0252 /* FoodProtocol.h */,
				371B4A5D1A1E5AEC007C0252 /* ComidaViewController.h */,
				371B4A5E1A1E5AEC007C0252 /* ComidaViewController.m */,
				371B4A5F1A1E5AEC007C0252 /* ComidaViewController.xib */,
				371B4A621A1E5B6C007C0252 /* Clase Meal */,
				371B4A661A1E6CBA007C0252 /* Clase Cell */,
			);
			name = Comida;
			sourceTree = "<group>";
		};
		371B4A621A1E5B6C007C0252 /* Clase Meal */ = {
			isa = PBXGroup;
			children = (
				371B4A631A1E5B95007C0252 /* Meal.h */,
				371B4A641A1E5B95007C0252 /* Meal.m */,
			);
			name = "Clase Meal";
			sourceTree = "<group>";
		};
		371B4A661A1E6CBA007C0252 /* Clase Cell */ = {
			isa = PBXGroup;
			children = (
				371B4A671A1E6D21007C0252 /* CellTableViewCell.h */,
				371B4A681A1E6D21007C0252 /* CellTableViewCell.m */,
				371B4A691A1E6D21007C0252 /* CellTableViewCell.xib */,
			);
			name = "Clase Cell";
			sourceTree = "<group>";
		};
		3743D7D81A1BCA3B00BE6B15 = {
			isa = PBXGroup;
			children = (
				3708E7981A2CB4D900A6EB55 /* Frameworks */,
				3743D9271A1BE44600BE6B15 /* TamagoAPP */,
				3743D7FD1A1BCA3B00BE6B15 /* TamagoTests */,
				3743D7E21A1BCA3B00BE6B15 /* Products */,
			);
			sourceTree = "<group>";
		};
		3743D7E21A1BCA3B00BE6B15 /* Products */ = {
			isa = PBXGroup;
			children = (
				3743D7E11A1BCA3B00BE6B15 /* Tamago.app */,
				3743D7FA1A1BCA3B00BE6B15 /* TamagoTests.xctest */,
			);
			name = Products;
			sourceTree = "<group>";
		};
		3743D7E31A1BCA3B00BE6B15 /* Tamago */ = {
			isa = PBXGroup;
			children = (
				37EFCB701A237AF10075FAC4 /* Pet */,
				3708E7991A2CB5F000A6EB55 /* Map */,
				37BFA73E1A2A038F00C3540A /* Rank */,
				3743D9281A1BE4A700BE6B15 /* Intro */,
				3743D9311A1BE4DA00BE6B15 /* Choose */,
				3743D9371A1BE4F500BE6B15 /* Home */,
				371B4A5C1A1E5A8F007C0252 /* Comida */,
				3743D7F11A1BCA3B00BE6B15 /* Images.xcassets */,
				3743D7F31A1BCA3B00BE6B15 /* LaunchScreen.xib */,
				377F7CE71A1CBF340031F6A2 /* main.m */,
			);
			path = Tamago;
			sourceTree = "<group>";
		};
		3743D7FD1A1BCA3B00BE6B15 /* TamagoTests */ = {
			isa = PBXGroup;
			children = (
				3743D8001A1BCA3B00BE6B15 /* TamagoTests.m */,
				3743D7FE1A1BCA3B00BE6B15 /* Supporting Files */,
			);
			path = TamagoTests;
			sourceTree = "<group>";
		};
		3743D7FE1A1BCA3B00BE6B15 /* Supporting Files */ = {
			isa = PBXGroup;
			children = (
				3743D7FF1A1BCA3B00BE6B15 /* Info.plist */,
			);
			name = "Supporting Files";
			sourceTree = "<group>";
		};
		3743D9271A1BE44600BE6B15 /* TamagoAPP */ = {
			isa = PBXGroup;
			children = (
				3743D7E31A1BCA3B00BE6B15 /* Tamago */,
			);
			name = TamagoAPP;
			sourceTree = "<group>";
		};
		3743D9281A1BE4A700BE6B15 /* Intro */ = {
			isa = PBXGroup;
			children = (
				3743D9291A1BE4A700BE6B15 /* AppDelegate.h */,
				3743D92A1A1BE4A700BE6B15 /* AppDelegate.m */,
				3743D92B1A1BE4A700BE6B15 /* ViewController2.h */,
				3743D92C1A1BE4A700BE6B15 /* ViewController2.m */,
				3743D92D1A1BE4A700BE6B15 /* ViewController2.xib */,
			);
			name = Intro;
			path = Home;
			sourceTree = "<group>";
		};
		3743D9311A1BE4DA00BE6B15 /* Choose */ = {
			isa = PBXGroup;
			children = (
				3743D9321A1BE4DA00BE6B15 /* ViewController3.h */,
				3743D9331A1BE4DA00BE6B15 /* ViewController3.m */,
				3743D9341A1BE4DA00BE6B15 /* ViewController3.xib */,
			);
			path = Choose;
			sourceTree = "<group>";
		};
		3743D9371A1BE4F500BE6B15 /* Home */ = {
			isa = PBXGroup;
			children = (
				377BCAF71A26589A0049B94E /* AFNetworking */,
				378576221A1FCC0700A14A10 /* ArrayConst */,
				37E360931A28EEDA0089F470 /* PushNotifications */,
				3743D9381A1BE4F500BE6B15 /* ViewControllerEnergia.h */,
				3743D9391A1BE4F500BE6B15 /* ViewControllerEnergia.m */,
				3743D93A1A1BE4F500BE6B15 /* ViewControllerEnergia.xib */,
			);
			name = Home;
			path = Energia;
			sourceTree = "<group>";
		};
		377BCAF71A26589A0049B94E /* AFNetworking */ = {
			isa = PBXGroup;
			children = (
				377BCB2F1A265A720049B94E /* NetworkManage.h */,
				377BCB301A265A720049B94E /* NetworkManage.m */,
				377BCAF81A26593B0049B94E /* AFNetworking */,
				377BCB0C1A26593B0049B94E /* UIKit+AFNetworking */,
			);
			name = AFNetworking;
			path = ..;
			sourceTree = "<group>";
		};
		377BCAF81A26593B0049B94E /* AFNetworking */ = {
			isa = PBXGroup;
			children = (
				377BCAF91A26593B0049B94E /* AFHTTPRequestOperation.h */,
				377BCAFA1A26593B0049B94E /* AFHTTPRequestOperation.m */,
				377BCAFB1A26593B0049B94E /* AFHTTPRequestOperationManager.h */,
				377BCAFC1A26593B0049B94E /* AFHTTPRequestOperationManager.m */,
				377BCAFD1A26593B0049B94E /* AFHTTPSessionManager.h */,
				377BCAFE1A26593B0049B94E /* AFHTTPSessionManager.m */,
				377BCAFF1A26593B0049B94E /* AFNetworking.h */,
				377BCB001A26593B0049B94E /* AFNetworkReachabilityManager.h */,
				377BCB011A26593B0049B94E /* AFNetworkReachabilityManager.m */,
				377BCB021A26593B0049B94E /* AFSecurityPolicy.h */,
				377BCB031A26593B0049B94E /* AFSecurityPolicy.m */,
				377BCB041A26593B0049B94E /* AFURLConnectionOperation.h */,
				377BCB051A26593B0049B94E /* AFURLConnectionOperation.m */,
				377BCB061A26593B0049B94E /* AFURLRequestSerialization.h */,
				377BCB071A26593B0049B94E /* AFURLRequestSerialization.m */,
				377BCB081A26593B0049B94E /* AFURLResponseSerialization.h */,
				377BCB091A26593B0049B94E /* AFURLResponseSerialization.m */,
				377BCB0A1A26593B0049B94E /* AFURLSessionManager.h */,
				377BCB0B1A26593B0049B94E /* AFURLSessionManager.m */,
			);
			name = AFNetworking;
			path = ../../AFNetWorking/AFNetworking;
			sourceTree = "<group>";
		};
		377BCB0C1A26593B0049B94E /* UIKit+AFNetworking */ = {
			isa = PBXGroup;
			children = (
				377BCB0D1A26593B0049B94E /* AFNetworkActivityIndicatorManager.h */,
				377BCB0E1A26593B0049B94E /* AFNetworkActivityIndicatorManager.m */,
				377BCB0F1A26593B0049B94E /* UIActivityIndicatorView+AFNetworking.h */,
				377BCB101A26593B0049B94E /* UIActivityIndicatorView+AFNetworking.m */,
				377BCB111A26593B0049B94E /* UIAlertView+AFNetworking.h */,
				377BCB121A26593B0049B94E /* UIAlertView+AFNetworking.m */,
				377BCB131A26593B0049B94E /* UIButton+AFNetworking.h */,
				377BCB141A26593B0049B94E /* UIButton+AFNetworking.m */,
				377BCB151A26593B0049B94E /* UIImageView+AFNetworking.h */,
				377BCB161A26593B0049B94E /* UIImageView+AFNetworking.m */,
				377BCB171A26593B0049B94E /* UIKit+AFNetworking.h */,
				377BCB181A26593B0049B94E /* UIProgressView+AFNetworking.h */,
				377BCB191A26593B0049B94E /* UIProgressView+AFNetworking.m */,
				377BCB1A1A26593B0049B94E /* UIRefreshControl+AFNetworking.h */,
				377BCB1B1A26593B0049B94E /* UIRefreshControl+AFNetworking.m */,
				377BCB1C1A26593B0049B94E /* UIWebView+AFNetworking.h */,
				377BCB1D1A26593B0049B94E /* UIWebView+AFNetworking.m */,
			);
			name = "UIKit+AFNetworking";
			path = "../../AFNetWorking/UIKit+AFNetworking";
			sourceTree = "<group>";
		};
		378576221A1FCC0700A14A10 /* ArrayConst */ = {
			isa = PBXGroup;
			children = (
				378576231A1FCC7600A14A10 /* ArrayConst.h */,
				378576241A1FCC7600A14A10 /* ArrayConst.m */,
			);
			name = ArrayConst;
			sourceTree = "<group>";
		};
		37BFA73E1A2A038F00C3540A /* Rank */ = {
			isa = PBXGroup;
			children = (
				37BFA73F1A2A03CA00C3540A /* RankViewController.h */,
				37BFA7401A2A03CA00C3540A /* RankViewController.m */,
				37BFA7411A2A03CA00C3540A /* RankViewController.xib */,
				37BFA7441A2A04E800C3540A /* Cell Custom */,
			);
			name = Rank;
			sourceTree = "<group>";
		};
		37BFA7441A2A04E800C3540A /* Cell Custom */ = {
			isa = PBXGroup;
			children = (
				37BFA7451A2A051700C3540A /* RankTableViewCell.h */,
				37BFA7461A2A051700C3540A /* RankTableViewCell.m */,
				37BFA7471A2A051700C3540A /* RankTableViewCell.xib */,
			);
			name = "Cell Custom";
			sourceTree = "<group>";
		};
		37E360931A28EEDA0089F470 /* PushNotifications */ = {
			isa = PBXGroup;
			children = (
				37E360901A28EE610089F470 /* PushManager.h */,
				37E360911A28EE610089F470 /* PushManager.m */,
			);
			name = PushNotifications;
			sourceTree = "<group>";
		};
		37EFCB701A237AF10075FAC4 /* Pet */ = {
			isa = PBXGroup;
			children = (
				37EFCB711A237D760075FAC4 /* Pet.h */,
				37EFCB721A237D760075FAC4 /* Pet.m */,
			);
			name = Pet;
			path = Choose;
			sourceTree = "<group>";
		};
/* End PBXGroup section */

/* Begin PBXNativeTarget section */
		3743D7E01A1BCA3B00BE6B15 /* Tamago */ = {
			isa = PBXNativeTarget;
			buildConfigurationList = 3743D8041A1BCA3B00BE6B15 /* Build configuration list for PBXNativeTarget "Tamago" */;
			buildPhases = (
				3743D7DD1A1BCA3B00BE6B15 /* Sources */,
				3743D7DE1A1BCA3B00BE6B15 /* Frameworks */,
				3743D7DF1A1BCA3B00BE6B15 /* Resources */,
			);
			buildRules = (
			);
			dependencies = (
			);
			name = Tamago;
			productName = Tamago;
			productReference = 3743D7E11A1BCA3B00BE6B15 /* Tamago.app */;
			productType = "com.apple.product-type.application";
		};
		3743D7F91A1BCA3B00BE6B15 /* TamagoTests */ = {
			isa = PBXNativeTarget;
			buildConfigurationList = 3743D8071A1BCA3B00BE6B15 /* Build configuration list for PBXNativeTarget "TamagoTests" */;
			buildPhases = (
				3743D7F61A1BCA3B00BE6B15 /* Sources */,
				3743D7F71A1BCA3B00BE6B15 /* Frameworks */,
				3743D7F81A1BCA3B00BE6B15 /* Resources */,
			);
			buildRules = (
			);
			dependencies = (
				3743D7FC1A1BCA3B00BE6B15 /* PBXTargetDependency */,
			);
			name = TamagoTests;
			productName = TamagoTests;
			productReference = 3743D7FA1A1BCA3B00BE6B15 /* TamagoTests.xctest */;
			productType = "com.apple.product-type.bundle.unit-test";
		};
/* End PBXNativeTarget section */

/* Begin PBXProject section */
		3743D7D91A1BCA3B00BE6B15 /* Project object */ = {
			isa = PBXProject;
			attributes = {
				LastUpgradeCheck = 0610;
				ORGANIZATIONNAME = Nicolas;
				TargetAttributes = {
					3743D7E01A1BCA3B00BE6B15 = {
						CreatedOnToolsVersion = 6.1;
						DevelopmentTeam = 332N44E879;
						SystemCapabilities = {
							com.apple.InAppPurchase = {
								enabled = 0;
							};
						};
					};
					3743D7F91A1BCA3B00BE6B15 = {
						CreatedOnToolsVersion = 6.1;
						TestTargetID = 3743D7E01A1BCA3B00BE6B15;
					};
				};
			};
			buildConfigurationList = 3743D7DC1A1BCA3B00BE6B15 /* Build configuration list for PBXProject "Tamago" */;
			compatibilityVersion = "Xcode 3.2";
			developmentRegion = English;
			hasScannedForEncodings = 0;
			knownRegions = (
				en,
				Base,
			);
			mainGroup = 3743D7D81A1BCA3B00BE6B15;
			productRefGroup = 3743D7E21A1BCA3B00BE6B15 /* Products */;
			projectDirPath = "";
			projectRoot = "";
			targets = (
				3743D7E01A1BCA3B00BE6B15 /* Tamago */,
				3743D7F91A1BCA3B00BE6B15 /* TamagoTests */,
			);
		};
/* End PBXProject section */

/* Begin PBXResourcesBuildPhase section */
		3743D7DF1A1BCA3B00BE6B15 /* Resources */ = {
			isa = PBXResourcesBuildPhase;
			buildActionMask = 2147483647;
			files = (
				3743D93C1A1BE4F500BE6B15 /* ViewControllerEnergia.xib in Resources */,
				37BFA7491A2A051700C3540A /* RankTableViewCell.xib in Resources */,
				3743D9301A1BE4A700BE6B15 /* ViewController2.xib in Resources */,
				37BFA7431A2A03CA00C3540A /* RankViewController.xib in Resources */,
				3743D7F51A1BCA3B00BE6B15 /* LaunchScreen.xib in Resources */,
				3708E79E1A2CB6C800A6EB55 /* MapViewController.xib in Resources */,
				3743D9361A1BE4DA00BE6B15 /* ViewController3.xib in Resources */,
				3743D7F21A1BCA3B00BE6B15 /* Images.xcassets in Resources */,
				371B4A6B1A1E6D21007C0252 /* CellTableViewCell.xib in Resources */,
				371B4A611A1E5AEC007C0252 /* ComidaViewController.xib in Resources */,
			);
			runOnlyForDeploymentPostprocessing = 0;
		};
		3743D7F81A1BCA3B00BE6B15 /* Resources */ = {
			isa = PBXResourcesBuildPhase;
			buildActionMask = 2147483647;
			files = (
			);
			runOnlyForDeploymentPostprocessing = 0;
		};
/* End PBXResourcesBuildPhase section */

/* Begin PBXSourcesBuildPhase section */
		3743D7DD1A1BCA3B00BE6B15 /* Sources */ = {
			isa = PBXSourcesBuildPhase;
			buildActionMask = 2147483647;
			files = (
				377BCB231A26593B0049B94E /* AFURLConnectionOperation.m in Sources */,
				377F7CE81A1CBF340031F6A2 /* main.m in Sources */,
				377BCB221A26593B0049B94E /* AFSecurityPolicy.m in Sources */,
				371B4A6A1A1E6D21007C0252 /* CellTableViewCell.m in Sources */,
				3708E7A21A2CBBC800A6EB55 /* Anotation.m in Sources */,
				377BCB2C1A26593B0049B94E /* UIProgressView+AFNetworking.m in Sources */,
				377BCB291A26593B0049B94E /* UIAlertView+AFNetworking.m in Sources */,
				377BCB271A26593B0049B94E /* AFNetworkActivityIndicatorManager.m in Sources */,
				370CA09A1A2CE26900F5730F /* LocationManager.m in Sources */,
				377BCB1F1A26593B0049B94E /* AFHTTPRequestOperationManager.m in Sources */,
				377BCB2A1A26593B0049B94E /* UIButton+AFNetworking.m in Sources */,
				377BCB281A26593B0049B94E /* UIActivityIndicatorView+AFNetworking.m in Sources */,
				3743D93B1A1BE4F500BE6B15 /* ViewControllerEnergia.m in Sources */,
				377BCB2E1A26593B0049B94E /* UIWebView+AFNetworking.m in Sources */,
				3743D92E1A1BE4A700BE6B15 /* AppDelegate.m in Sources */,
				3743D92F1A1BE4A700BE6B15 /* ViewController2.m in Sources */,
				37BFA7481A2A051700C3540A /* RankTableViewCell.m in Sources */,
				37BFA7421A2A03CA00C3540A /* RankViewController.m in Sources */,
				371B4A651A1E5B95007C0252 /* Meal.m in Sources */,
				378576251A1FCC7600A14A10 /* ArrayConst.m in Sources */,
				377BCB311A265A720049B94E /* NetworkManage.m in Sources */,
				377BCB261A26593B0049B94E /* AFURLSessionManager.m in Sources */,
				377BCB251A26593B0049B94E /* AFURLResponseSerialization.m in Sources */,
				3743D9351A1BE4DA00BE6B15 /* ViewController3.m in Sources */,
				371B4A601A1E5AEC007C0252 /* ComidaViewController.m in Sources */,
				377BCB241A26593B0049B94E /* AFURLRequestSerialization.m in Sources */,
				377BCB2D1A26593B0049B94E /* UIRefreshControl+AFNetworking.m in Sources */,
				377BCB2B1A26593B0049B94E /* UIImageView+AFNetworking.m in Sources */,
				377BCB211A26593B0049B94E /* AFNetworkReachabilityManager.m in Sources */,
				37EFCB731A237D760075FAC4 /* Pet.m in Sources */,
				37E360921A28EE610089F470 /* PushManager.m in Sources */,
				3708E79D1A2CB6C800A6EB55 /* MapViewController.m in Sources */,
				377BCB1E1A26593B0049B94E /* AFHTTPRequestOperation.m in Sources */,
				377BCB201A26593B0049B94E /* AFHTTPSessionManager.m in Sources */,
			);
			runOnlyForDeploymentPostprocessing = 0;
		};
		3743D7F61A1BCA3B00BE6B15 /* Sources */ = {
			isa = PBXSourcesBuildPhase;
			buildActionMask = 2147483647;
			files = (
				3743D8011A1BCA3B00BE6B15 /* TamagoTests.m in Sources */,
			);
			runOnlyForDeploymentPostprocessing = 0;
		};
/* End PBXSourcesBuildPhase section */

/* Begin PBXTargetDependency section */
		3743D7FC1A1BCA3B00BE6B15 /* PBXTargetDependency */ = {
			isa = PBXTargetDependency;
			target = 3743D7E01A1BCA3B00BE6B15 /* Tamago */;
			targetProxy = 3743D7FB1A1BCA3B00BE6B15 /* PBXContainerItemProxy */;
		};
/* End PBXTargetDependency section */

/* Begin PBXVariantGroup section */
		3743D7F31A1BCA3B00BE6B15 /* LaunchScreen.xib */ = {
			isa = PBXVariantGroup;
			children = (
				3743D7F41A1BCA3B00BE6B15 /* Base */,
			);
			name = LaunchScreen.xib;
			sourceTree = "<group>";
		};
/* End PBXVariantGroup section */

/* Begin XCBuildConfiguration section */
		3743D8021A1BCA3B00BE6B15 /* Debug */ = {
			isa = XCBuildConfiguration;
			buildSettings = {
				ALWAYS_SEARCH_USER_PATHS = NO;
				CLANG_CXX_LANGUAGE_STANDARD = "gnu++0x";
				CLANG_CXX_LIBRARY = "libc++";
				CLANG_ENABLE_MODULES = YES;
				CLANG_ENABLE_OBJC_ARC = YES;
				CLANG_WARN_BOOL_CONVERSION = YES;
				CLANG_WARN_CONSTANT_CONVERSION = YES;
				CLANG_WARN_DIRECT_OBJC_ISA_USAGE = YES_ERROR;
				CLANG_WARN_EMPTY_BODY = YES;
				CLANG_WARN_ENUM_CONVERSION = YES;
				CLANG_WARN_INT_CONVERSION = YES;
				CLANG_WARN_OBJC_ROOT_CLASS = YES_ERROR;
				CLANG_WARN_UNREACHABLE_CODE = YES;
				CLANG_WARN__DUPLICATE_METHOD_MATCH = YES;
				"CODE_SIGN_IDENTITY[sdk=iphoneos*]" = "iPhone Developer";
				COPY_PHASE_STRIP = NO;
				ENABLE_STRICT_OBJC_MSGSEND = YES;
				GCC_C_LANGUAGE_STANDARD = gnu99;
				GCC_DYNAMIC_NO_PIC = NO;
				GCC_OPTIMIZATION_LEVEL = 0;
				GCC_PREPROCESSOR_DEFINITIONS = (
					"DEBUG=1",
					"$(inherited)",
				);
				GCC_SYMBOLS_PRIVATE_EXTERN = NO;
				GCC_WARN_64_TO_32_BIT_CONVERSION = YES;
				GCC_WARN_ABOUT_RETURN_TYPE = YES_ERROR;
				GCC_WARN_UNDECLARED_SELECTOR = YES;
				GCC_WARN_UNINITIALIZED_AUTOS = YES_AGGRESSIVE;
				GCC_WARN_UNUSED_FUNCTION = YES;
				GCC_WARN_UNUSED_VARIABLE = YES;
				IPHONEOS_DEPLOYMENT_TARGET = 8.1;
				MTL_ENABLE_DEBUG_INFO = YES;
				ONLY_ACTIVE_ARCH = YES;
				SDKROOT = iphoneos;
			};
			name = Debug;
		};
		3743D8031A1BCA3B00BE6B15 /* Release */ = {
			isa = XCBuildConfiguration;
			buildSettings = {
				ALWAYS_SEARCH_USER_PATHS = NO;
				CLANG_CXX_LANGUAGE_STANDARD = "gnu++0x";
				CLANG_CXX_LIBRARY = "libc++";
				CLANG_ENABLE_MODULES = YES;
				CLANG_ENABLE_OBJC_ARC = YES;
				CLANG_WARN_BOOL_CONVERSION = YES;
				CLANG_WARN_CONSTANT_CONVERSION = YES;
				CLANG_WARN_DIRECT_OBJC_ISA_USAGE = YES_ERROR;
				CLANG_WARN_EMPTY_BODY = YES;
				CLANG_WARN_ENUM_CONVERSION = YES;
				CLANG_WARN_INT_CONVERSION = YES;
				CLANG_WARN_OBJC_ROOT_CLASS = YES_ERROR;
				CLANG_WARN_UNREACHABLE_CODE = YES;
				CLANG_WARN__DUPLICATE_METHOD_MATCH = YES;
				"CODE_SIGN_IDENTITY[sdk=iphoneos*]" = "iPhone Developer";
				COPY_PHASE_STRIP = YES;
				ENABLE_NS_ASSERTIONS = NO;
				ENABLE_STRICT_OBJC_MSGSEND = YES;
				GCC_C_LANGUAGE_STANDARD = gnu99;
				GCC_WARN_64_TO_32_BIT_CONVERSION = YES;
				GCC_WARN_ABOUT_RETURN_TYPE = YES_ERROR;
				GCC_WARN_UNDECLARED_SELECTOR = YES;
				GCC_WARN_UNINITIALIZED_AUTOS = YES_AGGRESSIVE;
				GCC_WARN_UNUSED_FUNCTION = YES;
				GCC_WARN_UNUSED_VARIABLE = YES;
				IPHONEOS_DEPLOYMENT_TARGET = 8.1;
				MTL_ENABLE_DEBUG_INFO = NO;
				SDKROOT = iphoneos;
				VALIDATE_PRODUCT = YES;
			};
			name = Release;
		};
		3743D8051A1BCA3B00BE6B15 /* Debug */ = {
			isa = XCBuildConfiguration;
			buildSettings = {
				ASSETCATALOG_COMPILER_APPICON_NAME = AppIcon;
				CODE_SIGN_IDENTITY = "iPhone Developer";
				"CODE_SIGN_IDENTITY[sdk=iphoneos*]" = "iPhone Developer";
				FRAMEWORK_SEARCH_PATHS = (
					"$(inherited)",
					"/Users/nicolas/Desktop/parse-library-1",
					"$(PROJECT_DIR)",
				);
				INFOPLIST_FILE = Tamago/Info.plist;
				IPHONEOS_DEPLOYMENT_TARGET = 7.0;
				LD_RUNPATH_SEARCH_PATHS = "$(inherited) @executable_path/Frameworks";
				PRODUCT_NAME = "$(TARGET_NAME)";
				PROVISIONING_PROFILE = "90c0352d-cc00-4e2e-8c07-54975964de9a";
			};
			name = Debug;
		};
		3743D8061A1BCA3B00BE6B15 /* Release */ = {
			isa = XCBuildConfiguration;
			buildSettings = {
				ASSETCATALOG_COMPILER_APPICON_NAME = AppIcon;
				CODE_SIGN_IDENTITY = "iPhone Developer";
				"CODE_SIGN_IDENTITY[sdk=iphoneos*]" = "iPhone Developer";
				FRAMEWORK_SEARCH_PATHS = (
					"$(inherited)",
					"/Users/nicolas/Desktop/parse-library-1",
					"$(PROJECT_DIR)",
				);
				INFOPLIST_FILE = Tamago/Info.plist;
				IPHONEOS_DEPLOYMENT_TARGET = 7.0;
				LD_RUNPATH_SEARCH_PATHS = "$(inherited) @executable_path/Frameworks";
				PRODUCT_NAME = "$(TARGET_NAME)";
				PROVISIONING_PROFILE = "90c0352d-cc00-4e2e-8c07-54975964de9a";
			};
			name = Release;
		};
		3743D8081A1BCA3B00BE6B15 /* Debug */ = {
			isa = XCBuildConfiguration;
			buildSettings = {
				BUNDLE_LOADER = "$(TEST_HOST)";
				FRAMEWORK_SEARCH_PATHS = (
					"$(SDKROOT)/Developer/Library/Frameworks",
					"$(inherited)",
				);
				GCC_PREPROCESSOR_DEFINITIONS = (
					"DEBUG=1",
					"$(inherited)",
				);
				INFOPLIST_FILE = TamagoTests/Info.plist;
				LD_RUNPATH_SEARCH_PATHS = "$(inherited) @executable_path/Frameworks @loader_path/Frameworks";
				PRODUCT_NAME = "$(TARGET_NAME)";
				TEST_HOST = "$(BUILT_PRODUCTS_DIR)/Tamago.app/Tamago";
			};
			name = Debug;
		};
		3743D8091A1BCA3B00BE6B15 /* Release */ = {
			isa = XCBuildConfiguration;
			buildSettings = {
				BUNDLE_LOADER = "$(TEST_HOST)";
				FRAMEWORK_SEARCH_PATHS = (
					"$(SDKROOT)/Developer/Library/Frameworks",
					"$(inherited)",
				);
				INFOPLIST_FILE = TamagoTests/Info.plist;
				LD_RUNPATH_SEARCH_PATHS = "$(inherited) @executable_path/Frameworks @loader_path/Frameworks";
				PRODUCT_NAME = "$(TARGET_NAME)";
				TEST_HOST = "$(BUILT_PRODUCTS_DIR)/Tamago.app/Tamago";
			};
			name = Release;
		};
/* End XCBuildConfiguration section */

/* Begin XCConfigurationList section */
		3743D7DC1A1BCA3B00BE6B15 /* Build configuration list for PBXProject "Tamago" */ = {
			isa = XCConfigurationList;
			buildConfigurations = (
				3743D8021A1BCA3B00BE6B15 /* Debug */,
				3743D8031A1BCA3B00BE6B15 /* Release */,
			);
			defaultConfigurationIsVisible = 0;
			defaultConfigurationName = Release;
		};
		3743D8041A1BCA3B00BE6B15 /* Build configuration list for PBXNativeTarget "Tamago" */ = {
			isa = XCConfigurationList;
			buildConfigurations = (
				3743D8051A1BCA3B00BE6B15 /* Debug */,
				3743D8061A1BCA3B00BE6B15 /* Release */,
			);
			defaultConfigurationIsVisible = 0;
			defaultConfigurationName = Release;
		};
		3743D8071A1BCA3B00BE6B15 /* Build configuration list for PBXNativeTarget "TamagoTests" */ = {
			isa = XCConfigurationList;
			buildConfigurations = (
				3743D8081A1BCA3B00BE6B15 /* Debug */,
				3743D8091A1BCA3B00BE6B15 /* Release */,
			);
			defaultConfigurationIsVisible = 0;
			defaultConfigurationName = Release;
		};
/* End XCConfigurationList section */
	};
	rootObject = 3743D7D91A1BCA3B00BE6B15 /* Project object */;
}
